
Microsoft Visual Studio Solution File, Format Version 12.00
# Visual Studio Version 16
VisualStudioVersion = 16.0.31424.327
MinimumVisualStudioVersion = 10.0.40219.1
Project("{9A19103F-16F7-4668-BE54-9A1E7A4F7556}") = "Employees", "Employees\Employees.csproj", "{1BDD09A7-7A05-48E5-AAD3-1A6D621F1D5A}"
EndProject
Project("{9A19103F-16F7-4668-BE54-9A1E7A4F7556}") = "EmployeeMain", "EmployeeMain\EmployeeMain.csproj", "{FEA4616D-5879-4B5A-97E2-202401566883}"
EndProject
Project("{9A19103F-16F7-4668-BE54-9A1E7A4F7556}") = "TestEmployees", "..\..\test\TestEmployees\TestEmployees.csproj", "{865075EC-4287-49BF-838E-820DA3F9848B}"
EndProject
Global
	GlobalSection(SolutionConfigurationPlatforms) = preSolution
		Debug|Any CPU = Debug|Any CPU
		Release|Any CPU = Release|Any CPU
	EndGlobalSection
	GlobalSection(ProjectConfigurationPlatforms) = postSolution
		{1BDD09A7-7A05-48E5-AAD3-1A6D621F1D5A}.Debug|Any CPU.ActiveCfg = Debug|Any CPU
		{1BDD09A7-7A05-48E5-AAD3-1A6D621F1D5A}.Debug|Any CPU.Build.0 = Debug|Any CPU
		{1BDD09A7-7A05-48E5-AAD3-1A6D621F1D5A}.Release|Any CPU.ActiveCfg = Release|Any CPU
		{1BDD09A7-7A05-48E5-AAD3-1A6D621F1D5A}.Release|Any CPU.Build.0 = Release|Any CPU
		{FEA4616D-5879-4B5A-97E2-202401566883}.Debug|Any CPU.ActiveCfg = Debug|Any CPU
		{FEA4616D-5879-4B5A-97E2-202401566883}.Debug|Any CPU.Build.0 = Debug|Any CPU
		{FEA4616D-5879-4B5A-97E2-202401566883}.Release|Any CPU.ActiveCfg = Release|Any CPU
		{FEA4616D-5879-4B5A-97E2-202401566883}.Release|Any CPU.Build.0 = Release|Any CPU
		{865075EC-4287-49BF-838E-820DA3F9848B}.Debug|Any CPU.ActiveCfg = Debug|Any CPU
		{865075EC-4287-49BF-838E-820DA3F9848B}.Debug|Any CPU.Build.0 = Debug|Any CPU
		{865075EC-4287-49BF-838E-820DA3F9848B}.Release|Any CPU.ActiveCfg = Release|Any CPU
		{865075EC-4287-49BF-838E-820DA3F9848B}.Release|Any CPU.Build.0 = Release|Any CPU
	EndGlobalSection
	GlobalSection(SolutionProperties) = preSolution
		HideSolutionNode = FALSE
	EndGlobalSection
	GlobalSection(ExtensibilityGlobals) = postSolution
		SolutionGuid = {4333582C-3C23-4E81-B586-8E05B90644E4}
	EndGlobalSection
EndGlobal
